{
  "name": "fletgram",
  "version": "1.0.0",
  "lockfileVersion": 3,
  "requires": true,
  "packages": {
    "": {
      "name": "fletgram",
      "version": "1.0.0",
      "license": "Apache-2.0",
      "dependencies": {
        "bare-runtime": "1.15.0"
      },
      "bin": {
        "bare": "bin/bare"
      }
    },
    "node_modules/b4a": {
      "version": "1.6.7",
      "resolved": "https://registry.npmjs.org/b4a/-/b4a-1.6.7.tgz",
      "integrity": "sha512-OnAYlL5b7LEkALw87fUVafQw5rVR9RjwGd4KUwNQ6DrrNmaVaUCgLipfVlzrPQ4tWOR9P0IXGNOx50jYCCdSJg==",
      "license": "Apache-2.0"
    },
    "node_modules/bare-env": {
      "version": "3.0.0",
      "resolved": "https://registry.npmjs.org/bare-env/-/bare-env-3.0.0.tgz",
      "integrity": "sha512-0u964P5ZLAxTi+lW4Kjp7YRJQ5gZr9ycYOtjLxsSrupgMz3sn5Z9n4SH/JIifHwvadsf1brA2JAjP+9IOWwTiw==",
      "license": "Apache-2.0",
      "dependencies": {
        "bare-os": "^3.0.1"
      }
    },
    "node_modules/bare-events": {
      "version": "2.5.4",
      "resolved": "https://registry.npmjs.org/bare-events/-/bare-events-2.5.4.tgz",
      "integrity": "sha512-+gFfDkR8pj4/TrWCGUGWmJIkBwuxPS5F+a5yWjOHQt2hHvNZd5YLzadjmDUtFmMM4y429bnKLa8bYBMHcYdnQA==",
      "license": "Apache-2.0"
    },
    "node_modules/bare-module-resolve": {
      "version": "1.10.0",
      "resolved": "https://registry.npmjs.org/bare-module-resolve/-/bare-module-resolve-1.10.0.tgz",
      "integrity": "sha512-uRDht8Xjq0HjdeCO3BANPASl6qUnzCMSPNSinDUTbTZl/NZfV9qHRY3Blxn/21d6n57ybHaxw1qOBhyM5ZggRQ==",
      "license": "Apache-2.0",
      "optional": true,
      "dependencies": {
        "bare-semver": "^1.0.0"
      }
    },
    "node_modules/bare-os": {
      "version": "3.4.0",
      "resolved": "https://registry.npmjs.org/bare-os/-/bare-os-3.4.0.tgz",
      "integrity": "sha512-9Ous7UlnKbe3fMi7Y+qh0DwAup6A1JkYgPnjvMDNOlmnxNRQvQ/7Nst+OnUQKzk0iAT0m9BisbDVp9gCv8+ETA==",
      "license": "Apache-2.0",
      "engines": {
        "bare": ">=1.6.0"
      }
    },
    "node_modules/bare-path": {
      "version": "3.0.0",
      "resolved": "https://registry.npmjs.org/bare-path/-/bare-path-3.0.0.tgz",
      "integrity": "sha512-tyfW2cQcB5NN8Saijrhqn0Zh7AnFNsnczRcuWODH0eYAXBsJ5gVxAUuNr7tsHSC6IZ77cA0SitzT+s47kot8Mw==",
      "license": "Apache-2.0",
      "dependencies": {
        "bare-os": "^3.0.1"
      }
    },
    "node_modules/bare-pipe": {
      "version": "4.0.3",
      "resolved": "https://registry.npmjs.org/bare-pipe/-/bare-pipe-4.0.3.tgz",
      "integrity": "sha512-vy5dK8AEvxBJxZyFr+2RDf8kOsVD6gDlP81UjvmDsfUFoKrA21mDLrUopQjmr3AJbMKbuZOinXfItURaZqWa4w==",
      "license": "Apache-2.0",
      "dependencies": {
        "bare-events": "^2.0.0",
        "bare-stream": "^2.0.0"
      },
      "engines": {
        "bare": ">=1.7.0"
      }
    },
    "node_modules/bare-runtime": {
      "version": "1.15.0",
      "resolved": "https://registry.npmjs.org/bare-runtime/-/bare-runtime-1.15.0.tgz",
      "integrity": "sha512-Z4IsvoPN6jvPfCkhaSW1Mxyf6K3UlqJsUC4vkqXDvSoxev4v5a9+bZco0jL4nEWSWQaO0Ze5LQ6okxaEGintWw==",
      "license": "Apache-2.0",
      "workspaces": [
        "npm/*"
      ],
      "dependencies": {
        "bare-os": "^3.0.1",
        "bare-path": "^3.0.0",
        "bare-subprocess": "^5.0.0"
      },
      "bin": {
        "bare": "bin/bare"
      },
      "optionalDependencies": {
        "bare-runtime-android-arm": "1.15.0",
        "bare-runtime-android-arm64": "1.15.0",
        "bare-runtime-android-ia32": "1.15.0",
        "bare-runtime-android-x64": "1.15.0",
        "bare-runtime-darwin-arm64": "1.15.0",
        "bare-runtime-darwin-x64": "1.15.0",
        "bare-runtime-ios-arm64": "1.15.0",
        "bare-runtime-ios-arm64-simulator": "1.15.0",
        "bare-runtime-ios-x64-simulator": "1.15.0",
        "bare-runtime-linux-arm64": "1.15.0",
        "bare-runtime-linux-x64": "1.15.0",
        "bare-runtime-win32-arm64": "1.15.0",
        "bare-runtime-win32-x64": "1.15.0"
      }
    },
    "node_modules/bare-runtime-android-arm": {
      "version": "1.15.0",
      "resolved": "https://registry.npmjs.org/bare-runtime-android-arm/-/bare-runtime-android-arm-1.15.0.tgz",
      "integrity": "sha512-DhhU0T1C0p2bd4k0LM5wd1uoPSD78Ta1ATRjsn6a8hTK6giP/878HcQrZFPoDJWaxbFFHLjanLt9vh4fDY96FQ==",
      "cpu": [
        "arm"
      ],
      "license": "Apache-2.0",
      "optional": true,
      "os": [
        "android"
      ],
      "dependencies": {
        "require-asset": "^1.0.2"
      },
      "bin": {
        "bare": "bin/bare"
      }
    },
    "node_modules/bare-runtime-android-arm64": {
      "version": "1.15.0",
      "resolved": "https://registry.npmjs.org/bare-runtime-android-arm64/-/bare-runtime-android-arm64-1.15.0.tgz",
      "integrity": "sha512-j5lVhcr3gxz/vXJIlHrlcgvRe1SEHWr8q81/PQIxc4kFS/LH+vuofnVaZ/mdP/+oAPF3yrSodlBQTpMuKEa4Vg==",
      "cpu": [
        "arm64"
      ],
      "license": "Apache-2.0",
      "optional": true,
      "os": [
        "android"
      ],
      "dependencies": {
        "require-asset": "^1.0.2"
      },
      "bin": {
        "bare": "bin/bare"
      }
    },
    "node_modules/bare-runtime-android-ia32": {
      "version": "1.15.0",
      "resolved": "https://registry.npmjs.org/bare-runtime-android-ia32/-/bare-runtime-android-ia32-1.15.0.tgz",
      "integrity": "sha512-JuWepXxwlJh9uu1PYwMNBTpzJpdugYg190nn/lXPum/crbyLciNScsb/1K7Da/unoYMwovfzRgABJ001t501vQ==",
      "cpu": [
        "ia32"
      ],
      "license": "Apache-2.0",
      "optional": true,
      "os": [
        "android"
      ],
      "dependencies": {
        "require-asset": "^1.0.2"
      },
      "bin": {
        "bare": "bin/bare"
      }
    },
    "node_modules/bare-runtime-android-x64": {
      "version": "1.15.0",
      "resolved": "https://registry.npmjs.org/bare-runtime-android-x64/-/bare-runtime-android-x64-1.15.0.tgz",
      "integrity": "sha512-mUlOeXgRsPrdgxqzuq3xJp7diGC9KKxXuxQ6qHGsOfwYL3dDZh9Ji0udspfXqimFHAAsOT7eJWPnVynQ7QVvRg==",
      "cpu": [
        "x64"
      ],
      "license": "Apache-2.0",
      "optional": true,
      "os": [
        "android"
      ],
      "dependencies": {
        "require-asset": "^1.0.2"
      },
      "bin": {
        "bare": "bin/bare"
      }
    },
    "node_modules/bare-runtime-darwin-arm64": {
      "version": "1.15.0",
      "resolved": "https://registry.npmjs.org/bare-runtime-darwin-arm64/-/bare-runtime-darwin-arm64-1.15.0.tgz",
      "integrity": "sha512-5ifV2LIMzpQIQ4IRq2idua2BoJ6Vxv76zwVy1aWw/lr20/nPjHi9JiDNFZudaYaIyOagcN1y/HqnC8WRrrAUtA==",
      "cpu": [
        "arm64"
      ],
      "license": "Apache-2.0",
      "optional": true,
      "os": [
        "darwin"
      ],
      "dependencies": {
        "require-asset": "^1.0.2"
      },
      "bin": {
        "bare": "bin/bare"
      }
    },
    "node_modules/bare-runtime-darwin-x64": {
      "version": "1.15.0",
      "resolved": "https://registry.npmjs.org/bare-runtime-darwin-x64/-/bare-runtime-darwin-x64-1.15.0.tgz",
      "integrity": "sha512-oPOKVyXmlKtCaSUrySljbWr0r+h37kA7lBy3JeDHPldTA8j5zQcb7OMFbPaZnLpCSund/tYXV3EFmiEeBYx/uQ==",
      "cpu": [
        "x64"
      ],
      "license": "Apache-2.0",
      "optional": true,
      "os": [
        "darwin"
      ],
      "dependencies": {
        "require-asset": "^1.0.2"
      },
      "bin": {
        "bare": "bin/bare"
      }
    },
    "node_modules/bare-runtime-ios-arm64": {
      "version": "1.15.0",
      "resolved": "https://registry.npmjs.org/bare-runtime-ios-arm64/-/bare-runtime-ios-arm64-1.15.0.tgz",
      "integrity": "sha512-dBlClPG8fYV1SylQE3MNoNKBnSVha9vdBNPe4axJPvhYjA3tPiz12Rb/4HY8O5BcSZ93+1NsstGkbs7VVEyWzg==",
      "cpu": [
        "arm64"
      ],
      "license": "Apache-2.0",
      "optional": true,
      "os": [
        "ios"
      ],
      "dependencies": {
        "require-asset": "^1.0.2"
      },
      "bin": {
        "bare": "bin/bare"
      }
    },
    "node_modules/bare-runtime-ios-arm64-simulator": {
      "version": "1.15.0",
      "resolved": "https://registry.npmjs.org/bare-runtime-ios-arm64-simulator/-/bare-runtime-ios-arm64-simulator-1.15.0.tgz",
      "integrity": "sha512-yXCkbMHqiSASriosFVLjrq1mv9rkAtMnTRfA8sTjBtiYpzDa+wgCact9xnbYN6/j7Z1FRaRaSrRx5qBpTSRf8Q==",
      "cpu": [
        "arm64"
      ],
      "license": "Apache-2.0",
      "optional": true,
      "os": [
        "ios"
      ],
      "dependencies": {
        "require-asset": "^1.0.2"
      },
      "bin": {
        "bare": "bin/bare"
      }
    },
    "node_modules/bare-runtime-ios-x64-simulator": {
      "version": "1.15.0",
      "resolved": "https://registry.npmjs.org/bare-runtime-ios-x64-simulator/-/bare-runtime-ios-x64-simulator-1.15.0.tgz",
      "integrity": "sha512-eQyEC5ALZ/yZyq14H1oMM36UeQ/PpJbe9UCJ6nQlEfcm5LV67vgYlVBU6hJRUlkLFdnOWONfh7uJNlHZbPT7JA==",
      "cpu": [
        "x64"
      ],
      "license": "Apache-2.0",
      "optional": true,
      "os": [
        "ios"
      ],
      "dependencies": {
        "require-asset": "^1.0.2"
      },
      "bin": {
        "bare": "bin/bare"
      }
    },
    "node_modules/bare-runtime-linux-arm64": {
      "version": "1.15.0",
      "resolved": "https://registry.npmjs.org/bare-runtime-linux-arm64/-/bare-runtime-linux-arm64-1.15.0.tgz",
      "integrity": "sha512-L5H4s46S8Y/npQNRpkIjbnRVw5TqBH6vsJ/TuW+kUGAIWREGXdNcAQ9AiikDWLJyyJpdRsOJELLx5g61sC82WQ==",
      "cpu": [
        "arm64"
      ],
      "license": "Apache-2.0",
      "optional": true,
      "os": [
        "linux"
      ],
      "dependencies": {
        "require-asset": "^1.0.2"
      },
      "bin": {
        "bare": "bin/bare"
      }
    },
    "node_modules/bare-runtime-linux-x64": {
      "version": "1.15.0",
      "resolved": "https://registry.npmjs.org/bare-runtime-linux-x64/-/bare-runtime-linux-x64-1.15.0.tgz",
      "integrity": "sha512-HrAE5C01mw5V+Wuxjr6EF1+sPElUsUjH0PGhYoKFxkpwEc/+tXeQQ68xxvSIDsAjCfrWm1bBgNsAcMsWhAXNrw==",
      "cpu": [
        "x64"
      ],
      "license": "Apache-2.0",
      "optional": true,
      "os": [
        "linux"
      ],
      "dependencies": {
        "require-asset": "^1.0.2"
      },
      "bin": {
        "bare": "bin/bare"
      }
    },
    "node_modules/bare-runtime-win32-arm64": {
      "version": "1.15.0",
      "resolved": "https://registry.npmjs.org/bare-runtime-win32-arm64/-/bare-runtime-win32-arm64-1.15.0.tgz",
      "integrity": "sha512-Xj7Bk5fti1OhNSqtJF6C7L53G3cL6tERnFMIFBQUBBaP2AZuNTkPOWedHNLGHi9dJ7Fsk6wxcaOnB7sykTH9PA==",
      "cpu": [
        "arm64"
      ],
      "license": "Apache-2.0",
      "optional": true,
      "os": [
        "win32"
      ],
      "dependencies": {
        "require-asset": "^1.0.2"
      },
      "bin": {
        "bare": "bin/bare.exe"
      }
    },
    "node_modules/bare-runtime-win32-x64": {
      "version": "1.15.0",
      "resolved": "https://registry.npmjs.org/bare-runtime-win32-x64/-/bare-runtime-win32-x64-1.15.0.tgz",
      "integrity": "sha512-2XiGHdnSqNerlGTyykJw0Sj9HmIdx62kbJlB/rMyc9ZSPGfUJ+gr/OJpB61vGQSxUp6xTGLhj+B7ebJ+03OLdg==",
      "cpu": [
        "x64"
      ],
      "license": "Apache-2.0",
      "optional": true,
      "os": [
        "win32"
      ],
      "dependencies": {
        "require-asset": "^1.0.2"
      },
      "bin": {
        "bare": "bin/bare.exe"
      }
    },
    "node_modules/bare-semver": {
      "version": "1.0.1",
      "resolved": "https://registry.npmjs.org/bare-semver/-/bare-semver-1.0.1.tgz",
      "integrity": "sha512-UtggzHLiTrmFOC/ogQ+Hy7VfoKoIwrP1UFcYtTxoCUdLtsIErT8+SWtOC2DH/snT9h+xDrcBEPcwKei1mzemgg==",
      "license": "Apache-2.0",
      "optional": true
    },
    "node_modules/bare-stream": {
      "version": "2.6.5",
      "resolved": "https://registry.npmjs.org/bare-stream/-/bare-stream-2.6.5.tgz",
      "integrity": "sha512-jSmxKJNJmHySi6hC42zlZnq00rga4jjxcgNZjY9N5WlOe/iOoGRtdwGsHzQv2RlH2KOYMwGUXhf2zXd32BA9RA==",
      "license": "Apache-2.0",
      "dependencies": {
        "streamx": "^2.21.0"
      },
      "peerDependencies": {
        "bare-buffer": "*",
        "bare-events": "*"
      },
      "peerDependenciesMeta": {
        "bare-buffer": {
          "optional": true
        },
        "bare-events": {
          "optional": true
        }
      }
    },
    "node_modules/bare-subprocess": {
      "version": "5.0.2",
      "resolved": "https://registry.npmjs.org/bare-subprocess/-/bare-subprocess-5.0.2.tgz",
      "integrity": "sha512-B0K9d8sOke0sHv3mS9r8uNqu86xse0tzeUok3JeCSV7JW0awGxVnn3pFcZ9KBqTL62bMRbAJWGZ0Q7l+CHOxGg==",
      "license": "Apache-2.0",
      "dependencies": {
        "bare-env": "^3.0.0",
        "bare-events": "^2.0.0",
        "bare-os": "^3.0.1",
        "bare-pipe": "^4.0.0"
      },
      "engines": {
        "bare": ">=1.7.0"
      }
    },
    "node_modules/bare-url": {
      "version": "2.1.3",
      "resolved": "https://registry.npmjs.org/bare-url/-/bare-url-2.1.3.tgz",
      "integrity": "sha512-c02+eKvn/4esh5E2lSYQFwHL1WoTIL3u3NeFqb9e7ahBVENXw13MWx4/4/wdPyI557GqqB2Cm0bBbOXD0I0qgA==",
      "license": "Apache-2.0",
      "optional": true,
      "dependencies": {
        "bare-path": "^3.0.0"
      }
    },
    "node_modules/fast-fifo": {
      "version": "1.3.2",
      "resolved": "https://registry.npmjs.org/fast-fifo/-/fast-fifo-1.3.2.tgz",
      "integrity": "sha512-/d9sfos4yxzpwkDkuN7k2SqFKtYNmCTzgfEpz82x34IM9/zc8KGxQoXg1liNC/izpRM/MBdt44Nmx41ZWqk+FQ==",
      "license": "MIT"
    },
    "node_modules/require-asset": {
      "version": "1.0.5",
      "resolved": "https://registry.npmjs.org/require-asset/-/require-asset-1.0.5.tgz",
      "integrity": "sha512-O0AAZynmhFgLYo12QXYX7+E9xIfW0Mt0Iv6F4j6gqGj9ZMJZ8LBCFKUhHJVGihBLggXPdi3AmC06cha1FsdKvw==",
      "license": "Apache-2.0",
      "optional": true,
      "dependencies": {
        "bare-module-resolve": "^1.6.2",
        "bare-url": "^2.1.0"
      },
      "engines": {
        "bare": ">=1.10.0"
      }
    },
    "node_modules/streamx": {
      "version": "2.22.0",
      "resolved": "https://registry.npmjs.org/streamx/-/streamx-2.22.0.tgz",
      "integrity": "sha512-sLh1evHOzBy/iWRiR6d1zRcLao4gGZr3C1kzNz4fopCOKJb6xD9ub8Mpi9Mr1R6id5o43S+d93fI48UC5uM9aw==",
      "license": "MIT",
      "dependencies": {
        "fast-fifo": "^1.3.2",
        "text-decoder": "^1.1.0"
      },
      "optionalDependencies": {
        "bare-events": "^2.2.0"
      }
    },
    "node_modules/text-decoder": {
      "version": "1.2.3",
      "resolved": "https://registry.npmjs.org/text-decoder/-/text-decoder-1.2.3.tgz",
      "integrity": "sha512-3/o9z3X0X0fTupwsYvR03pJ/DjWuqqrfwBgTQzdWDiQSm9KitAyz/9WqsT2JQW7KV2m+bC2ol/zqpW37NHxLaA==",
      "license": "Apache-2.0",
      "dependencies": {
        "b4a": "^1.6.4"
      }
    }
  }
}
